
Microsoft Visual Studio Solution File, Format Version 12.00
# Visual Studio Version 16
VisualStudioVersion = 16.0.30011.22
MinimumVisualStudioVersion = 10.0.40219.1
Project("{9A19103F-16F7-4668-BE54-9A1E7A4F7556}") = "Ej42", "Ej42\Ej42.csproj", "{6361035E-FC01-40EA-BA65-66AC60655B1A}"
EndProject
Project("{9A19103F-16F7-4668-BE54-9A1E7A4F7556}") = "Ej43", "Ej43\Ej43.csproj", "{13EBA23C-B483-4EF9-A46A-B41602591D15}"
EndProject
Project("{9A19103F-16F7-4668-BE54-9A1E7A4F7556}") = "Ej44", "Ej44\Ej44.csproj", "{2ABC8830-56E5-46C3-A9F4-A6F11AA7B63A}"
EndProject
Project("{9A19103F-16F7-4668-BE54-9A1E7A4F7556}") = "Ej45", "Ej45\Ej45.csproj", "{631A0C31-36F5-45E0-88A9-25540E77108B}"
EndProject
Project("{9A19103F-16F7-4668-BE54-9A1E7A4F7556}") = "Matrices", "Matrices\Matrices.csproj", "{1E2C404B-DE06-4CF3-B367-BAE8106642C8}"
EndProject
Project("{9A19103F-16F7-4668-BE54-9A1E7A4F7556}") = "Matrices2", "Matrices2\Matrices2.csproj", "{74130726-7588-4D5A-94B3-F06A88FC9117}"
EndProject
Project("{9A19103F-16F7-4668-BE54-9A1E7A4F7556}") = "Matrices3", "Matrices3\Matrices3.csproj", "{F7A95FAD-F91F-468A-BBCA-E10C3B1AE3D8}"
EndProject
Project("{9A19103F-16F7-4668-BE54-9A1E7A4F7556}") = "Matrices4", "Matrices4\Matrices4.csproj", "{24DB685B-4DA9-44A2-AE1D-5160657B0E17}"
EndProject
Project("{9A19103F-16F7-4668-BE54-9A1E7A4F7556}") = "Ej46", "Ej46\Ej46.csproj", "{2471FF7C-ECBF-4199-B97A-7A63F36F3823}"
EndProject
Project("{9A19103F-16F7-4668-BE54-9A1E7A4F7556}") = "Matrices5", "Matrices5\Matrices5.csproj", "{D6A3936B-62A9-4853-9422-FE3FC3133AB7}"
EndProject
Project("{FAE04EC0-301F-11D3-BF4B-00C04F79EFBC}") = "Ej39", "Ej39\Ej39.csproj", "{871A60D0-EF79-4EAF-BFFE-D11249BF4030}"
EndProject
Project("{FAE04EC0-301F-11D3-BF4B-00C04F79EFBC}") = "Ej38", "Ej38\Ej38.csproj", "{41CF7FE7-6004-4FAA-AB68-20D9DFD76ACE}"
EndProject
Project("{FAE04EC0-301F-11D3-BF4B-00C04F79EFBC}") = "Ej40", "Ej40\Ej40.csproj", "{C89ABF44-B6D6-4418-8283-225E9F7610AC}"
EndProject
Project("{FAE04EC0-301F-11D3-BF4B-00C04F79EFBC}") = "Ej41", "Ej41\Ej41.csproj", "{2B7FF3C5-D6FD-41F3-8A3C-890E53091237}"
EndProject
Global
	GlobalSection(SolutionConfigurationPlatforms) = preSolution
		Debug|Any CPU = Debug|Any CPU
		Release|Any CPU = Release|Any CPU
	EndGlobalSection
	GlobalSection(ProjectConfigurationPlatforms) = postSolution
		{6361035E-FC01-40EA-BA65-66AC60655B1A}.Debug|Any CPU.ActiveCfg = Debug|Any CPU
		{6361035E-FC01-40EA-BA65-66AC60655B1A}.Debug|Any CPU.Build.0 = Debug|Any CPU
		{6361035E-FC01-40EA-BA65-66AC60655B1A}.Release|Any CPU.ActiveCfg = Release|Any CPU
		{6361035E-FC01-40EA-BA65-66AC60655B1A}.Release|Any CPU.Build.0 = Release|Any CPU
		{13EBA23C-B483-4EF9-A46A-B41602591D15}.Debug|Any CPU.ActiveCfg = Debug|Any CPU
		{13EBA23C-B483-4EF9-A46A-B41602591D15}.Debug|Any CPU.Build.0 = Debug|Any CPU
		{13EBA23C-B483-4EF9-A46A-B41602591D15}.Release|Any CPU.ActiveCfg = Release|Any CPU
		{13EBA23C-B483-4EF9-A46A-B41602591D15}.Release|Any CPU.Build.0 = Release|Any CPU
		{2ABC8830-56E5-46C3-A9F4-A6F11AA7B63A}.Debug|Any CPU.ActiveCfg = Debug|Any CPU
		{2ABC8830-56E5-46C3-A9F4-A6F11AA7B63A}.Debug|Any CPU.Build.0 = Debug|Any CPU
		{2ABC8830-56E5-46C3-A9F4-A6F11AA7B63A}.Release|Any CPU.ActiveCfg = Release|Any CPU
		{2ABC8830-56E5-46C3-A9F4-A6F11AA7B63A}.Release|Any CPU.Build.0 = Release|Any CPU
		{631A0C31-36F5-45E0-88A9-25540E77108B}.Debug|Any CPU.ActiveCfg = Debug|Any CPU
		{631A0C31-36F5-45E0-88A9-25540E77108B}.Debug|Any CPU.Build.0 = Debug|Any CPU
		{631A0C31-36F5-45E0-88A9-25540E77108B}.Release|Any CPU.ActiveCfg = Release|Any CPU
		{631A0C31-36F5-45E0-88A9-25540E77108B}.Release|Any CPU.Build.0 = Release|Any CPU
		{1E2C404B-DE06-4CF3-B367-BAE8106642C8}.Debug|Any CPU.ActiveCfg = Debug|Any CPU
		{1E2C404B-DE06-4CF3-B367-BAE8106642C8}.Debug|Any CPU.Build.0 = Debug|Any CPU
		{1E2C404B-DE06-4CF3-B367-BAE8106642C8}.Release|Any CPU.ActiveCfg = Release|Any CPU
		{1E2C404B-DE06-4CF3-B367-BAE8106642C8}.Release|Any CPU.Build.0 = Release|Any CPU
		{74130726-7588-4D5A-94B3-F06A88FC9117}.Debug|Any CPU.ActiveCfg = Debug|Any CPU
		{74130726-7588-4D5A-94B3-F06A88FC9117}.Debug|Any CPU.Build.0 = Debug|Any CPU
		{74130726-7588-4D5A-94B3-F06A88FC9117}.Release|Any CPU.ActiveCfg = Release|Any CPU
		{74130726-7588-4D5A-94B3-F06A88FC9117}.Release|Any CPU.Build.0 = Release|Any CPU
		{F7A95FAD-F91F-468A-BBCA-E10C3B1AE3D8}.Debug|Any CPU.ActiveCfg = Debug|Any CPU
		{F7A95FAD-F91F-468A-BBCA-E10C3B1AE3D8}.Debug|Any CPU.Build.0 = Debug|Any CPU
		{F7A95FAD-F91F-468A-BBCA-E10C3B1AE3D8}.Release|Any CPU.ActiveCfg = Release|Any CPU
		{F7A95FAD-F91F-468A-BBCA-E10C3B1AE3D8}.Release|Any CPU.Build.0 = Release|Any CPU
		{24DB685B-4DA9-44A2-AE1D-5160657B0E17}.Debug|Any CPU.ActiveCfg = Debug|Any CPU
		{24DB685B-4DA9-44A2-AE1D-5160657B0E17}.Debug|Any CPU.Build.0 = Debug|Any CPU
		{24DB685B-4DA9-44A2-AE1D-5160657B0E17}.Release|Any CPU.ActiveCfg = Release|Any CPU
		{24DB685B-4DA9-44A2-AE1D-5160657B0E17}.Release|Any CPU.Build.0 = Release|Any CPU
		{2471FF7C-ECBF-4199-B97A-7A63F36F3823}.Debug|Any CPU.ActiveCfg = Debug|Any CPU
		{2471FF7C-ECBF-4199-B97A-7A63F36F3823}.Debug|Any CPU.Build.0 = Debug|Any CPU
		{2471FF7C-ECBF-4199-B97A-7A63F36F3823}.Release|Any CPU.ActiveCfg = Release|Any CPU
		{2471FF7C-ECBF-4199-B97A-7A63F36F3823}.Release|Any CPU.Build.0 = Release|Any CPU
		{D6A3936B-62A9-4853-9422-FE3FC3133AB7}.Debug|Any CPU.ActiveCfg = Debug|Any CPU
		{D6A3936B-62A9-4853-9422-FE3FC3133AB7}.Debug|Any CPU.Build.0 = Debug|Any CPU
		{D6A3936B-62A9-4853-9422-FE3FC3133AB7}.Release|Any CPU.ActiveCfg = Release|Any CPU
		{D6A3936B-62A9-4853-9422-FE3FC3133AB7}.Release|Any CPU.Build.0 = Release|Any CPU
		{871A60D0-EF79-4EAF-BFFE-D11249BF4030}.Debug|Any CPU.ActiveCfg = Debug|Any CPU
		{871A60D0-EF79-4EAF-BFFE-D11249BF4030}.Debug|Any CPU.Build.0 = Debug|Any CPU
		{871A60D0-EF79-4EAF-BFFE-D11249BF4030}.Release|Any CPU.ActiveCfg = Release|Any CPU
		{871A60D0-EF79-4EAF-BFFE-D11249BF4030}.Release|Any CPU.Build.0 = Release|Any CPU
		{41CF7FE7-6004-4FAA-AB68-20D9DFD76ACE}.Debug|Any CPU.ActiveCfg = Debug|Any CPU
		{41CF7FE7-6004-4FAA-AB68-20D9DFD76ACE}.Debug|Any CPU.Build.0 = Debug|Any CPU
		{41CF7FE7-6004-4FAA-AB68-20D9DFD76ACE}.Release|Any CPU.ActiveCfg = Release|Any CPU
		{41CF7FE7-6004-4FAA-AB68-20D9DFD76ACE}.Release|Any CPU.Build.0 = Release|Any CPU
		{C89ABF44-B6D6-4418-8283-225E9F7610AC}.Debug|Any CPU.ActiveCfg = Debug|Any CPU
		{C89ABF44-B6D6-4418-8283-225E9F7610AC}.Debug|Any CPU.Build.0 = Debug|Any CPU
		{C89ABF44-B6D6-4418-8283-225E9F7610AC}.Release|Any CPU.ActiveCfg = Release|Any CPU
		{C89ABF44-B6D6-4418-8283-225E9F7610AC}.Release|Any CPU.Build.0 = Release|Any CPU
		{2B7FF3C5-D6FD-41F3-8A3C-890E53091237}.Debug|Any CPU.ActiveCfg = Debug|Any CPU
		{2B7FF3C5-D6FD-41F3-8A3C-890E53091237}.Debug|Any CPU.Build.0 = Debug|Any CPU
		{2B7FF3C5-D6FD-41F3-8A3C-890E53091237}.Release|Any CPU.ActiveCfg = Release|Any CPU
		{2B7FF3C5-D6FD-41F3-8A3C-890E53091237}.Release|Any CPU.Build.0 = Release|Any CPU
	EndGlobalSection
	GlobalSection(SolutionProperties) = preSolution
		HideSolutionNode = FALSE
	EndGlobalSection
	GlobalSection(ExtensibilityGlobals) = postSolution
		SolutionGuid = {FA489395-1FE9-40CB-A063-41D1DBFE9E92}
	EndGlobalSection
EndGlobal
